
Microsoft Visual Studio Solution File, Format Version 12.00
# Visual Studio Version 17
VisualStudioVersion = 17.3.32929.385
MinimumVisualStudioVersion = 10.0.40219.1
Project("{FAE04EC0-301F-11D3-BF4B-00C04F79EFBC}") = "programming009-hello-world", "programming009-hello-world\programming009-hello-world.csproj", "{BCAF76F7-C34E-40D0-8979-A0FCF66E029A}"
EndProject
Project("{FAE04EC0-301F-11D3-BF4B-00C04F79EFBC}") = "02", "02\02.csproj", "{BA495FA0-2A64-40E2-A0E9-022DBE5EBCB2}"
EndProject
Project("{FAE04EC0-301F-11D3-BF4B-00C04F79EFBC}") = "03", "03\03.csproj", "{27582FD7-D9F8-42EF-AA91-DBDD5AA08AF5}"
EndProject
Project("{FAE04EC0-301F-11D3-BF4B-00C04F79EFBC}") = "04", "04\04.csproj", "{228DF142-6765-4FD4-B2DF-CFEEF0483743}"
EndProject
Project("{FAE04EC0-301F-11D3-BF4B-00C04F79EFBC}") = "05", "05\05.csproj", "{158BC982-ACFA-4662-B150-9325E12EC6F2}"
EndProject
Project("{FAE04EC0-301F-11D3-BF4B-00C04F79EFBC}") = "06", "06\06.csproj", "{32E0C2B3-5A10-4709-A96C-59EE0D644BB1}"
EndProject
Project("{FAE04EC0-301F-11D3-BF4B-00C04F79EFBC}") = "07", "07\07.csproj", "{BC6A56A4-735A-4804-9349-5984F009C521}"
EndProject
Project("{FAE04EC0-301F-11D3-BF4B-00C04F79EFBC}") = "08", "08\08.csproj", "{5C686A17-B00C-4850-97CE-0EE698B9853A}"
EndProject
Project("{FAE04EC0-301F-11D3-BF4B-00C04F79EFBC}") = "09", "09\09.csproj", "{5D5E029A-2662-4019-A577-FE4762A44901}"
EndProject
Project("{FAE04EC0-301F-11D3-BF4B-00C04F79EFBC}") = "10", "10\10.csproj", "{B4735F08-A128-4461-BB7F-0F33BB1F1B27}"
EndProject
Project("{FAE04EC0-301F-11D3-BF4B-00C04F79EFBC}") = "11", "11\11.csproj", "{FDE94719-6950-4382-AE9E-044ED388D45B}"
EndProject
Project("{FAE04EC0-301F-11D3-BF4B-00C04F79EFBC}") = "12", "12\12.csproj", "{C895D33B-1217-4337-A40C-88118C4172EF}"
EndProject
Project("{FAE04EC0-301F-11D3-BF4B-00C04F79EFBC}") = "13", "13\13.csproj", "{7156F6EF-7D3D-49FF-B228-2827C833F839}"
EndProject
Project("{FAE04EC0-301F-11D3-BF4B-00C04F79EFBC}") = "14", "14\14.csproj", "{829677C3-B206-41D7-893C-150F3F619645}"
EndProject
Project("{FAE04EC0-301F-11D3-BF4B-00C04F79EFBC}") = "15", "15\15.csproj", "{AD397015-F32D-495F-A41C-88275EE71674}"
EndProject
Project("{FAE04EC0-301F-11D3-BF4B-00C04F79EFBC}") = "16", "16\16.csproj", "{5A32841B-CA39-46CF-882A-9B224C4DD4E8}"
EndProject
Project("{FAE04EC0-301F-11D3-BF4B-00C04F79EFBC}") = "17", "17\17.csproj", "{AAD6E9F2-43B8-4FE0-B535-1DA4B035831B}"
EndProject
Project("{FAE04EC0-301F-11D3-BF4B-00C04F79EFBC}") = "19", "19\19.csproj", "{4A7462FB-278F-40E1-AA3E-E02B1EC86512}"
EndProject
Project("{FAE04EC0-301F-11D3-BF4B-00C04F79EFBC}") = "20", "20\20.csproj", "{F05B8F3B-A741-48C2-997C-B40D7BA661E4}"
EndProject
Project("{FAE04EC0-301F-11D3-BF4B-00C04F79EFBC}") = "21", "21\21.csproj", "{1267D940-1CA8-424C-985A-9FF0702399CD}"
EndProject
Project("{FAE04EC0-301F-11D3-BF4B-00C04F79EFBC}") = "22", "22\22.csproj", "{28A958A4-36BB-4318-9542-123E3E8736DB}"
EndProject
Project("{FAE04EC0-301F-11D3-BF4B-00C04F79EFBC}") = "23", "23\23.csproj", "{4DBF9015-C9E1-4EA3-BBCA-963C82433AE6}"
EndProject
Project("{FAE04EC0-301F-11D3-BF4B-00C04F79EFBC}") = "24", "24\24.csproj", "{722D558E-BCD1-429E-8A7D-F87BE76F30ED}"
EndProject
Project("{FAE04EC0-301F-11D3-BF4B-00C04F79EFBC}") = "25", "25\25.csproj", "{1A5FCBDE-540A-4C3F-853E-61B4D8BB08DF}"
EndProject
Project("{FAE04EC0-301F-11D3-BF4B-00C04F79EFBC}") = "26", "26\26.csproj", "{3082AC19-63FD-45A7-B0CE-6302EC080615}"
EndProject
Project("{FAE04EC0-301F-11D3-BF4B-00C04F79EFBC}") = "27", "27\27.csproj", "{D69045F5-A178-4E30-9F76-75E3CEAD5D49}"
EndProject
Project("{FAE04EC0-301F-11D3-BF4B-00C04F79EFBC}") = "28", "28\28.csproj", "{F0B760ED-4EA6-44BD-9131-9EEFB79F1CF3}"
EndProject
Project("{FAE04EC0-301F-11D3-BF4B-00C04F79EFBC}") = "29", "29\29.csproj", "{FB567509-343D-43AA-B220-92463FAD2382}"
EndProject
Project("{FAE04EC0-301F-11D3-BF4B-00C04F79EFBC}") = "30", "30\30.csproj", "{1ECA1950-00C5-4931-A525-B4FD86EDB2A4}"
EndProject
Project("{FAE04EC0-301F-11D3-BF4B-00C04F79EFBC}") = "39", "39\39.csproj", "{08445838-AD72-4890-965E-40703A67865E}"
EndProject
Project("{FAE04EC0-301F-11D3-BF4B-00C04F79EFBC}") = "40", "40\40.csproj", "{D7694C0D-618B-4947-BFA2-E71A67AA180F}"
EndProject
Project("{FAE04EC0-301F-11D3-BF4B-00C04F79EFBC}") = "41", "41\41.csproj", "{31037C79-F399-4B13-A11C-CA4101E6BA18}"
EndProject
Project("{FAE04EC0-301F-11D3-BF4B-00C04F79EFBC}") = "42", "42\42.csproj", "{7B692737-CC0C-4DB7-A631-38A1B66DB78E}"
EndProject
Project("{FAE04EC0-301F-11D3-BF4B-00C04F79EFBC}") = "43", "43\43.csproj", "{E97B7829-65A7-49EA-9D36-56482A1E0105}"
EndProject
Project("{FAE04EC0-301F-11D3-BF4B-00C04F79EFBC}") = "44", "44\44.csproj", "{B882E568-5D46-44D4-9406-F23A94A4517D}"
EndProject
Project("{9A19103F-16F7-4668-BE54-9A1E7A4F7556}") = "45", "45\45.csproj", "{0A20130C-582C-421D-9583-CA0DB79258DB}"
EndProject
Project("{9A19103F-16F7-4668-BE54-9A1E7A4F7556}") = "46_snake", "46_snake\46_snake.csproj", "{55970D96-AEB3-4942-99CE-17B39A0B93A0}"
EndProject
Project("{FAE04EC0-301F-11D3-BF4B-00C04F79EFBC}") = "47", "47\47.csproj", "{1108F1FC-909F-45E9-A1D6-A6B333574511}"
EndProject
Project("{9A19103F-16F7-4668-BE54-9A1E7A4F7556}") = "48", "48\48.csproj", "{FAF599A4-5ADB-409A-A221-3D1670F53E9C}"
EndProject
Project("{9A19103F-16F7-4668-BE54-9A1E7A4F7556}") = "49", "49\49.csproj", "{9404FC06-3225-47F2-9B78-C14173369161}"
EndProject
Project("{FAE04EC0-301F-11D3-BF4B-00C04F79EFBC}") = "50", "50\50.csproj", "{12BE01C7-5E8F-4169-B6BA-A66175561AAF}"
EndProject
Global
	GlobalSection(SolutionConfigurationPlatforms) = preSolution
		Debug|Any CPU = Debug|Any CPU
		Release|Any CPU = Release|Any CPU
	EndGlobalSection
	GlobalSection(ProjectConfigurationPlatforms) = postSolution
		{BCAF76F7-C34E-40D0-8979-A0FCF66E029A}.Debug|Any CPU.ActiveCfg = Debug|Any CPU
		{BCAF76F7-C34E-40D0-8979-A0FCF66E029A}.Debug|Any CPU.Build.0 = Debug|Any CPU
		{BCAF76F7-C34E-40D0-8979-A0FCF66E029A}.Release|Any CPU.ActiveCfg = Release|Any CPU
		{BCAF76F7-C34E-40D0-8979-A0FCF66E029A}.Release|Any CPU.Build.0 = Release|Any CPU
		{BA495FA0-2A64-40E2-A0E9-022DBE5EBCB2}.Debug|Any CPU.ActiveCfg = Debug|Any CPU
		{BA495FA0-2A64-40E2-A0E9-022DBE5EBCB2}.Debug|Any CPU.Build.0 = Debug|Any CPU
		{BA495FA0-2A64-40E2-A0E9-022DBE5EBCB2}.Release|Any CPU.ActiveCfg = Release|Any CPU
		{BA495FA0-2A64-40E2-A0E9-022DBE5EBCB2}.Release|Any CPU.Build.0 = Release|Any CPU
		{27582FD7-D9F8-42EF-AA91-DBDD5AA08AF5}.Debug|Any CPU.ActiveCfg = Debug|Any CPU
		{27582FD7-D9F8-42EF-AA91-DBDD5AA08AF5}.Debug|Any CPU.Build.0 = Debug|Any CPU
		{27582FD7-D9F8-42EF-AA91-DBDD5AA08AF5}.Release|Any CPU.ActiveCfg = Release|Any CPU
		{27582FD7-D9F8-42EF-AA91-DBDD5AA08AF5}.Release|Any CPU.Build.0 = Release|Any CPU
		{228DF142-6765-4FD4-B2DF-CFEEF0483743}.Debug|Any CPU.ActiveCfg = Debug|Any CPU
		{228DF142-6765-4FD4-B2DF-CFEEF0483743}.Debug|Any CPU.Build.0 = Debug|Any CPU
		{228DF142-6765-4FD4-B2DF-CFEEF0483743}.Release|Any CPU.ActiveCfg = Release|Any CPU
		{228DF142-6765-4FD4-B2DF-CFEEF0483743}.Release|Any CPU.Build.0 = Release|Any CPU
		{158BC982-ACFA-4662-B150-9325E12EC6F2}.Debug|Any CPU.ActiveCfg = Debug|Any CPU
		{158BC982-ACFA-4662-B150-9325E12EC6F2}.Debug|Any CPU.Build.0 = Debug|Any CPU
		{158BC982-ACFA-4662-B150-9325E12EC6F2}.Release|Any CPU.ActiveCfg = Release|Any CPU
		{158BC982-ACFA-4662-B150-9325E12EC6F2}.Release|Any CPU.Build.0 = Release|Any CPU
		{32E0C2B3-5A10-4709-A96C-59EE0D644BB1}.Debug|Any CPU.ActiveCfg = Debug|Any CPU
		{32E0C2B3-5A10-4709-A96C-59EE0D644BB1}.Debug|Any CPU.Build.0 = Debug|Any CPU
		{32E0C2B3-5A10-4709-A96C-59EE0D644BB1}.Release|Any CPU.ActiveCfg = Release|Any CPU
		{32E0C2B3-5A10-4709-A96C-59EE0D644BB1}.Release|Any CPU.Build.0 = Release|Any CPU
		{BC6A56A4-735A-4804-9349-5984F009C521}.Debug|Any CPU.ActiveCfg = Debug|Any CPU
		{BC6A56A4-735A-4804-9349-5984F009C521}.Debug|Any CPU.Build.0 = Debug|Any CPU
		{BC6A56A4-735A-4804-9349-5984F009C521}.Release|Any CPU.ActiveCfg = Release|Any CPU
		{BC6A56A4-735A-4804-9349-5984F009C521}.Release|Any CPU.Build.0 = Release|Any CPU
		{5C686A17-B00C-4850-97CE-0EE698B9853A}.Debug|Any CPU.ActiveCfg = Debug|Any CPU
		{5C686A17-B00C-4850-97CE-0EE698B9853A}.Debug|Any CPU.Build.0 = Debug|Any CPU
		{5C686A17-B00C-4850-97CE-0EE698B9853A}.Release|Any CPU.ActiveCfg = Release|Any CPU
		{5C686A17-B00C-4850-97CE-0EE698B9853A}.Release|Any CPU.Build.0 = Release|Any CPU
		{5D5E029A-2662-4019-A577-FE4762A44901}.Debug|Any CPU.ActiveCfg = Debug|Any CPU
		{5D5E029A-2662-4019-A577-FE4762A44901}.Debug|Any CPU.Build.0 = Debug|Any CPU
		{5D5E029A-2662-4019-A577-FE4762A44901}.Release|Any CPU.ActiveCfg = Release|Any CPU
		{5D5E029A-2662-4019-A577-FE4762A44901}.Release|Any CPU.Build.0 = Release|Any CPU
		{B4735F08-A128-4461-BB7F-0F33BB1F1B27}.Debug|Any CPU.ActiveCfg = Debug|Any CPU
		{B4735F08-A128-4461-BB7F-0F33BB1F1B27}.Debug|Any CPU.Build.0 = Debug|Any CPU
		{B4735F08-A128-4461-BB7F-0F33BB1F1B27}.Release|Any CPU.ActiveCfg = Release|Any CPU
		{B4735F08-A128-4461-BB7F-0F33BB1F1B27}.Release|Any CPU.Build.0 = Release|Any CPU
		{FDE94719-6950-4382-AE9E-044ED388D45B}.Debug|Any CPU.ActiveCfg = Debug|Any CPU
		{FDE94719-6950-4382-AE9E-044ED388D45B}.Debug|Any CPU.Build.0 = Debug|Any CPU
		{FDE94719-6950-4382-AE9E-044ED388D45B}.Release|Any CPU.ActiveCfg = Release|Any CPU
		{FDE94719-6950-4382-AE9E-044ED388D45B}.Release|Any CPU.Build.0 = Release|Any CPU
		{C895D33B-1217-4337-A40C-88118C4172EF}.Debug|Any CPU.ActiveCfg = Debug|Any CPU
		{C895D33B-1217-4337-A40C-88118C4172EF}.Debug|Any CPU.Build.0 = Debug|Any CPU
		{C895D33B-1217-4337-A40C-88118C4172EF}.Release|Any CPU.ActiveCfg = Release|Any CPU
		{C895D33B-1217-4337-A40C-88118C4172EF}.Release|Any CPU.Build.0 = Release|Any CPU
		{7156F6EF-7D3D-49FF-B228-2827C833F839}.Debug|Any CPU.ActiveCfg = Debug|Any CPU
		{7156F6EF-7D3D-49FF-B228-2827C833F839}.Debug|Any CPU.Build.0 = Debug|Any CPU
		{7156F6EF-7D3D-49FF-B228-2827C833F839}.Release|Any CPU.ActiveCfg = Release|Any CPU
		{7156F6EF-7D3D-49FF-B228-2827C833F839}.Release|Any CPU.Build.0 = Release|Any CPU
		{829677C3-B206-41D7-893C-150F3F619645}.Debug|Any CPU.ActiveCfg = Debug|Any CPU
		{829677C3-B206-41D7-893C-150F3F619645}.Debug|Any CPU.Build.0 = Debug|Any CPU
		{829677C3-B206-41D7-893C-150F3F619645}.Release|Any CPU.ActiveCfg = Release|Any CPU
		{829677C3-B206-41D7-893C-150F3F619645}.Release|Any CPU.Build.0 = Release|Any CPU
		{AD397015-F32D-495F-A41C-88275EE71674}.Debug|Any CPU.ActiveCfg = Debug|Any CPU
		{AD397015-F32D-495F-A41C-88275EE71674}.Debug|Any CPU.Build.0 = Debug|Any CPU
		{AD397015-F32D-495F-A41C-88275EE71674}.Release|Any CPU.ActiveCfg = Release|Any CPU
		{AD397015-F32D-495F-A41C-88275EE71674}.Release|Any CPU.Build.0 = Release|Any CPU
		{5A32841B-CA39-46CF-882A-9B224C4DD4E8}.Debug|Any CPU.ActiveCfg = Debug|Any CPU
		{5A32841B-CA39-46CF-882A-9B224C4DD4E8}.Debug|Any CPU.Build.0 = Debug|Any CPU
		{5A32841B-CA39-46CF-882A-9B224C4DD4E8}.Release|Any CPU.ActiveCfg = Release|Any CPU
		{5A32841B-CA39-46CF-882A-9B224C4DD4E8}.Release|Any CPU.Build.0 = Release|Any CPU
		{AAD6E9F2-43B8-4FE0-B535-1DA4B035831B}.Debug|Any CPU.ActiveCfg = Debug|Any CPU
		{AAD6E9F2-43B8-4FE0-B535-1DA4B035831B}.Debug|Any CPU.Build.0 = Debug|Any CPU
		{AAD6E9F2-43B8-4FE0-B535-1DA4B035831B}.Release|Any CPU.ActiveCfg = Release|Any CPU
		{AAD6E9F2-43B8-4FE0-B535-1DA4B035831B}.Release|Any CPU.Build.0 = Release|Any CPU
		{4A7462FB-278F-40E1-AA3E-E02B1EC86512}.Debug|Any CPU.ActiveCfg = Debug|Any CPU
		{4A7462FB-278F-40E1-AA3E-E02B1EC86512}.Debug|Any CPU.Build.0 = Debug|Any CPU
		{4A7462FB-278F-40E1-AA3E-E02B1EC86512}.Release|Any CPU.ActiveCfg = Release|Any CPU
		{4A7462FB-278F-40E1-AA3E-E02B1EC86512}.Release|Any CPU.Build.0 = Release|Any CPU
		{F05B8F3B-A741-48C2-997C-B40D7BA661E4}.Debug|Any CPU.ActiveCfg = Debug|Any CPU
		{F05B8F3B-A741-48C2-997C-B40D7BA661E4}.Debug|Any CPU.Build.0 = Debug|Any CPU
		{F05B8F3B-A741-48C2-997C-B40D7BA661E4}.Release|Any CPU.ActiveCfg = Release|Any CPU
		{F05B8F3B-A741-48C2-997C-B40D7BA661E4}.Release|Any CPU.Build.0 = Release|Any CPU
		{1267D940-1CA8-424C-985A-9FF0702399CD}.Debug|Any CPU.ActiveCfg = Debug|Any CPU
		{1267D940-1CA8-424C-985A-9FF0702399CD}.Debug|Any CPU.Build.0 = Debug|Any CPU
		{1267D940-1CA8-424C-985A-9FF0702399CD}.Release|Any CPU.ActiveCfg = Release|Any CPU
		{1267D940-1CA8-424C-985A-9FF0702399CD}.Release|Any CPU.Build.0 = Release|Any CPU
		{28A958A4-36BB-4318-9542-123E3E8736DB}.Debug|Any CPU.ActiveCfg = Debug|Any CPU
		{28A958A4-36BB-4318-9542-123E3E8736DB}.Debug|Any CPU.Build.0 = Debug|Any CPU
		{28A958A4-36BB-4318-9542-123E3E8736DB}.Release|Any CPU.ActiveCfg = Release|Any CPU
		{28A958A4-36BB-4318-9542-123E3E8736DB}.Release|Any CPU.Build.0 = Release|Any CPU
		{4DBF9015-C9E1-4EA3-BBCA-963C82433AE6}.Debug|Any CPU.ActiveCfg = Debug|Any CPU
		{4DBF9015-C9E1-4EA3-BBCA-963C82433AE6}.Debug|Any CPU.Build.0 = Debug|Any CPU
		{4DBF9015-C9E1-4EA3-BBCA-963C82433AE6}.Release|Any CPU.ActiveCfg = Release|Any CPU
		{4DBF9015-C9E1-4EA3-BBCA-963C82433AE6}.Release|Any CPU.Build.0 = Release|Any CPU
		{722D558E-BCD1-429E-8A7D-F87BE76F30ED}.Debug|Any CPU.ActiveCfg = Debug|Any CPU
		{722D558E-BCD1-429E-8A7D-F87BE76F30ED}.Debug|Any CPU.Build.0 = Debug|Any CPU
		{722D558E-BCD1-429E-8A7D-F87BE76F30ED}.Release|Any CPU.ActiveCfg = Release|Any CPU
		{722D558E-BCD1-429E-8A7D-F87BE76F30ED}.Release|Any CPU.Build.0 = Release|Any CPU
		{1A5FCBDE-540A-4C3F-853E-61B4D8BB08DF}.Debug|Any CPU.ActiveCfg = Debug|Any CPU
		{1A5FCBDE-540A-4C3F-853E-61B4D8BB08DF}.Debug|Any CPU.Build.0 = Debug|Any CPU
		{1A5FCBDE-540A-4C3F-853E-61B4D8BB08DF}.Release|Any CPU.ActiveCfg = Release|Any CPU
		{1A5FCBDE-540A-4C3F-853E-61B4D8BB08DF}.Release|Any CPU.Build.0 = Release|Any CPU
		{3082AC19-63FD-45A7-B0CE-6302EC080615}.Debug|Any CPU.ActiveCfg = Debug|Any CPU
		{3082AC19-63FD-45A7-B0CE-6302EC080615}.Debug|Any CPU.Build.0 = Debug|Any CPU
		{3082AC19-63FD-45A7-B0CE-6302EC080615}.Release|Any CPU.ActiveCfg = Release|Any CPU
		{3082AC19-63FD-45A7-B0CE-6302EC080615}.Release|Any CPU.Build.0 = Release|Any CPU
		{D69045F5-A178-4E30-9F76-75E3CEAD5D49}.Debug|Any CPU.ActiveCfg = Debug|Any CPU
		{D69045F5-A178-4E30-9F76-75E3CEAD5D49}.Debug|Any CPU.Build.0 = Debug|Any CPU
		{D69045F5-A178-4E30-9F76-75E3CEAD5D49}.Release|Any CPU.ActiveCfg = Release|Any CPU
		{D69045F5-A178-4E30-9F76-75E3CEAD5D49}.Release|Any CPU.Build.0 = Release|Any CPU
		{F0B760ED-4EA6-44BD-9131-9EEFB79F1CF3}.Debug|Any CPU.ActiveCfg = Debug|Any CPU
		{F0B760ED-4EA6-44BD-9131-9EEFB79F1CF3}.Debug|Any CPU.Build.0 = Debug|Any CPU
		{F0B760ED-4EA6-44BD-9131-9EEFB79F1CF3}.Release|Any CPU.ActiveCfg = Release|Any CPU
		{F0B760ED-4EA6-44BD-9131-9EEFB79F1CF3}.Release|Any CPU.Build.0 = Release|Any CPU
		{FB567509-343D-43AA-B220-92463FAD2382}.Debug|Any CPU.ActiveCfg = Debug|Any CPU
		{FB567509-343D-43AA-B220-92463FAD2382}.Debug|Any CPU.Build.0 = Debug|Any CPU
		{FB567509-343D-43AA-B220-92463FAD2382}.Release|Any CPU.ActiveCfg = Release|Any CPU
		{FB567509-343D-43AA-B220-92463FAD2382}.Release|Any CPU.Build.0 = Release|Any CPU
		{1ECA1950-00C5-4931-A525-B4FD86EDB2A4}.Debug|Any CPU.ActiveCfg = Debug|Any CPU
		{1ECA1950-00C5-4931-A525-B4FD86EDB2A4}.Debug|Any CPU.Build.0 = Debug|Any CPU
		{1ECA1950-00C5-4931-A525-B4FD86EDB2A4}.Release|Any CPU.ActiveCfg = Release|Any CPU
		{1ECA1950-00C5-4931-A525-B4FD86EDB2A4}.Release|Any CPU.Build.0 = Release|Any CPU
		{08445838-AD72-4890-965E-40703A67865E}.Debug|Any CPU.ActiveCfg = Debug|Any CPU
		{08445838-AD72-4890-965E-40703A67865E}.Debug|Any CPU.Build.0 = Debug|Any CPU
		{08445838-AD72-4890-965E-40703A67865E}.Release|Any CPU.ActiveCfg = Release|Any CPU
		{08445838-AD72-4890-965E-40703A67865E}.Release|Any CPU.Build.0 = Release|Any CPU
		{D7694C0D-618B-4947-BFA2-E71A67AA180F}.Debug|Any CPU.ActiveCfg = Debug|Any CPU
		{D7694C0D-618B-4947-BFA2-E71A67AA180F}.Debug|Any CPU.Build.0 = Debug|Any CPU
		{D7694C0D-618B-4947-BFA2-E71A67AA180F}.Release|Any CPU.ActiveCfg = Release|Any CPU
		{D7694C0D-618B-4947-BFA2-E71A67AA180F}.Release|Any CPU.Build.0 = Release|Any CPU
		{31037C79-F399-4B13-A11C-CA4101E6BA18}.Debug|Any CPU.ActiveCfg = Debug|Any CPU
		{31037C79-F399-4B13-A11C-CA4101E6BA18}.Debug|Any CPU.Build.0 = Debug|Any CPU
		{31037C79-F399-4B13-A11C-CA4101E6BA18}.Release|Any CPU.ActiveCfg = Release|Any CPU
		{31037C79-F399-4B13-A11C-CA4101E6BA18}.Release|Any CPU.Build.0 = Release|Any CPU
		{7B692737-CC0C-4DB7-A631-38A1B66DB78E}.Debug|Any CPU.ActiveCfg = Debug|Any CPU
		{7B692737-CC0C-4DB7-A631-38A1B66DB78E}.Debug|Any CPU.Build.0 = Debug|Any CPU
		{7B692737-CC0C-4DB7-A631-38A1B66DB78E}.Release|Any CPU.ActiveCfg = Release|Any CPU
		{7B692737-CC0C-4DB7-A631-38A1B66DB78E}.Release|Any CPU.Build.0 = Release|Any CPU
		{E97B7829-65A7-49EA-9D36-56482A1E0105}.Debug|Any CPU.ActiveCfg = Debug|Any CPU
		{E97B7829-65A7-49EA-9D36-56482A1E0105}.Debug|Any CPU.Build.0 = Debug|Any CPU
		{E97B7829-65A7-49EA-9D36-56482A1E0105}.Release|Any CPU.ActiveCfg = Release|Any CPU
		{E97B7829-65A7-49EA-9D36-56482A1E0105}.Release|Any CPU.Build.0 = Release|Any CPU
		{B882E568-5D46-44D4-9406-F23A94A4517D}.Debug|Any CPU.ActiveCfg = Debug|Any CPU
		{B882E568-5D46-44D4-9406-F23A94A4517D}.Debug|Any CPU.Build.0 = Debug|Any CPU
		{B882E568-5D46-44D4-9406-F23A94A4517D}.Release|Any CPU.ActiveCfg = Release|Any CPU
		{B882E568-5D46-44D4-9406-F23A94A4517D}.Release|Any CPU.Build.0 = Release|Any CPU
		{0A20130C-582C-421D-9583-CA0DB79258DB}.Debug|Any CPU.ActiveCfg = Debug|Any CPU
		{0A20130C-582C-421D-9583-CA0DB79258DB}.Debug|Any CPU.Build.0 = Debug|Any CPU
		{0A20130C-582C-421D-9583-CA0DB79258DB}.Release|Any CPU.ActiveCfg = Release|Any CPU
		{0A20130C-582C-421D-9583-CA0DB79258DB}.Release|Any CPU.Build.0 = Release|Any CPU
		{55970D96-AEB3-4942-99CE-17B39A0B93A0}.Debug|Any CPU.ActiveCfg = Debug|Any CPU
		{55970D96-AEB3-4942-99CE-17B39A0B93A0}.Debug|Any CPU.Build.0 = Debug|Any CPU
		{55970D96-AEB3-4942-99CE-17B39A0B93A0}.Release|Any CPU.ActiveCfg = Release|Any CPU
		{55970D96-AEB3-4942-99CE-17B39A0B93A0}.Release|Any CPU.Build.0 = Release|Any CPU
		{1108F1FC-909F-45E9-A1D6-A6B333574511}.Debug|Any CPU.ActiveCfg = Debug|Any CPU
		{1108F1FC-909F-45E9-A1D6-A6B333574511}.Debug|Any CPU.Build.0 = Debug|Any CPU
		{1108F1FC-909F-45E9-A1D6-A6B333574511}.Release|Any CPU.ActiveCfg = Release|Any CPU
		{1108F1FC-909F-45E9-A1D6-A6B333574511}.Release|Any CPU.Build.0 = Release|Any CPU
		{FAF599A4-5ADB-409A-A221-3D1670F53E9C}.Debug|Any CPU.ActiveCfg = Debug|Any CPU
		{FAF599A4-5ADB-409A-A221-3D1670F53E9C}.Debug|Any CPU.Build.0 = Debug|Any CPU
		{FAF599A4-5ADB-409A-A221-3D1670F53E9C}.Release|Any CPU.ActiveCfg = Release|Any CPU
		{FAF599A4-5ADB-409A-A221-3D1670F53E9C}.Release|Any CPU.Build.0 = Release|Any CPU
		{9404FC06-3225-47F2-9B78-C14173369161}.Debug|Any CPU.ActiveCfg = Debug|Any CPU
		{9404FC06-3225-47F2-9B78-C14173369161}.Debug|Any CPU.Build.0 = Debug|Any CPU
		{9404FC06-3225-47F2-9B78-C14173369161}.Release|Any CPU.ActiveCfg = Release|Any CPU
		{9404FC06-3225-47F2-9B78-C14173369161}.Release|Any CPU.Build.0 = Release|Any CPU
		{12BE01C7-5E8F-4169-B6BA-A66175561AAF}.Debug|Any CPU.ActiveCfg = Debug|Any CPU
		{12BE01C7-5E8F-4169-B6BA-A66175561AAF}.Debug|Any CPU.Build.0 = Debug|Any CPU
		{12BE01C7-5E8F-4169-B6BA-A66175561AAF}.Release|Any CPU.ActiveCfg = Release|Any CPU
		{12BE01C7-5E8F-4169-B6BA-A66175561AAF}.Release|Any CPU.Build.0 = Release|Any CPU
	EndGlobalSection
	GlobalSection(SolutionProperties) = preSolution
		HideSolutionNode = FALSE
	EndGlobalSection
	GlobalSection(ExtensibilityGlobals) = postSolution
		SolutionGuid = {21179F06-92DB-40A4-B87A-7BBC3DAFF949}
	EndGlobalSection
EndGlobal
